
Microsoft Visual Studio Solution File, Format Version 12.00
# Visual Studio Version 16
VisualStudioVersion = 16.0.29806.167
MinimumVisualStudioVersion = 10.0.40219.1
Project("{9A19103F-16F7-4668-BE54-9A1E7A4F7556}") = "RaceSportApplicatie", "RaceSportApplicatie\RaceSportApplicatie.csproj", "{E24B2A91-61DB-45D6-8851-19F8484E0896}"
EndProject
Project("{FAE04EC0-301F-11D3-BF4B-00C04F79EFBC}") = "RaceSportApplicatieTests", "RaceSportApplicatieTests\RaceSportApplicatieTests.csproj", "{88C4CD8E-B527-43D6-B1C3-F41958446BFF}"
EndProject
Global
	GlobalSection(SolutionConfigurationPlatforms) = preSolution
		Debug|Any CPU = Debug|Any CPU
		Release|Any CPU = Release|Any CPU
	EndGlobalSection
	GlobalSection(ProjectConfigurationPlatforms) = postSolution
		{E24B2A91-61DB-45D6-8851-19F8484E0896}.Debug|Any CPU.ActiveCfg = Debug|Any CPU
		{E24B2A91-61DB-45D6-8851-19F8484E0896}.Debug|Any CPU.Build.0 = Debug|Any CPU
		{E24B2A91-61DB-45D6-8851-19F8484E0896}.Release|Any CPU.ActiveCfg = Release|Any CPU
		{E24B2A91-61DB-45D6-8851-19F8484E0896}.Release|Any CPU.Build.0 = Release|Any CPU
		{88C4CD8E-B527-43D6-B1C3-F41958446BFF}.Debug|Any CPU.ActiveCfg = Debug|Any CPU
		{88C4CD8E-B527-43D6-B1C3-F41958446BFF}.Debug|Any CPU.Build.0 = Debug|Any CPU
		{88C4CD8E-B527-43D6-B1C3-F41958446BFF}.Release|Any CPU.ActiveCfg = Release|Any CPU
		{88C4CD8E-B527-43D6-B1C3-F41958446BFF}.Release|Any CPU.Build.0 = Release|Any CPU
	EndGlobalSection
	GlobalSection(SolutionProperties) = preSolution
		HideSolutionNode = FALSE
	EndGlobalSection
	GlobalSection(ExtensibilityGlobals) = postSolution
		SolutionGuid = {25BC0262-5942-4CC2-98EA-0CBCEE3586E6}
	EndGlobalSection
EndGlobal
